// !$*UTF8*$!
{
	archiveVersion = 1;
	classes = {
	};
	objectVersion = 50;
	objects = {

/* Begin PBXBuildFile section */
		4440A4DC21452E3500218854 /* CategoryTableViewController.swift in Sources */ = {isa = PBXBuildFile; fileRef = 4440A4DB21452E3500218854 /* CategoryTableViewController.swift */; };
		4440A4E021455C2B00218854 /* Item.swift in Sources */ = {isa = PBXBuildFile; fileRef = 4440A4DF21455C2B00218854 /* Item.swift */; };
		4440A4E221455C3C00218854 /* Category.swift in Sources */ = {isa = PBXBuildFile; fileRef = 4440A4E121455C3C00218854 /* Category.swift */; };
		4488DA3F2134091800AC682E /* AppDelegate.swift in Sources */ = {isa = PBXBuildFile; fileRef = 4488DA3E2134091800AC682E /* AppDelegate.swift */; };
		4488DA412134091800AC682E /* ToDoListViewController.swift in Sources */ = {isa = PBXBuildFile; fileRef = 4488DA402134091800AC682E /* ToDoListViewController.swift */; };
		4488DA442134091800AC682E /* Main.storyboard in Resources */ = {isa = PBXBuildFile; fileRef = 4488DA422134091800AC682E /* Main.storyboard */; };
		4488DA462134091A00AC682E /* Assets.xcassets in Resources */ = {isa = PBXBuildFile; fileRef = 4488DA452134091A00AC682E /* Assets.xcassets */; };
		4488DA492134091A00AC682E /* LaunchScreen.storyboard in Resources */ = {isa = PBXBuildFile; fileRef = 4488DA472134091A00AC682E /* LaunchScreen.storyboard */; };
		797137DF2C21CB77CCC650BB /* Pods_AlpsTodo.framework in Frameworks */ = {isa = PBXBuildFile; fileRef = 3F2BED6A52CEB1726C95EB75 /* Pods_AlpsTodo.framework */; };
/* End PBXBuildFile section */

/* Begin PBXFileReference section */
		3F2BED6A52CEB1726C95EB75 /* Pods_AlpsTodo.framework */ = {isa = PBXFileReference; explicitFileType = wrapper.framework; includeInIndex = 0; path = Pods_AlpsTodo.framework; sourceTree = BUILT_PRODUCTS_DIR; };
		4440A4DB21452E3500218854 /* CategoryTableViewController.swift */ = {isa = PBXFileReference; lastKnownFileType = sourcecode.swift; path = CategoryTableViewController.swift; sourceTree = "<group>"; };
		4440A4DF21455C2B00218854 /* Item.swift */ = {isa = PBXFileReference; lastKnownFileType = sourcecode.swift; path = Item.swift; sourceTree = "<group>"; };
		4440A4E121455C3C00218854 /* Category.swift */ = {isa = PBXFileReference; lastKnownFileType = sourcecode.swift; path = Category.swift; sourceTree = "<group>"; };
		4488DA3B2134091800AC682E /* AlpsTodo.app */ = {isa = PBXFileReference; explicitFileType = wrapper.application; includeInIndex = 0; path = AlpsTodo.app; sourceTree = BUILT_PRODUCTS_DIR; };
		4488DA3E2134091800AC682E /* AppDelegate.swift */ = {isa = PBXFileReference; lastKnownFileType = sourcecode.swift; path = AppDelegate.swift; sourceTree = "<group>"; };
		4488DA402134091800AC682E /* ToDoListViewController.swift */ = {isa = PBXFileReference; lastKnownFileType = sourcecode.swift; path = ToDoListViewController.swift; sourceTree = "<group>"; };
		4488DA432134091800AC682E /* Base */ = {isa = PBXFileReference; lastKnownFileType = file.storyboard; name = Base; path = Base.lproj/Main.storyboard; sourceTree = "<group>"; };
		4488DA452134091A00AC682E /* Assets.xcassets */ = {isa = PBXFileReference; lastKnownFileType = folder.assetcatalog; path = Assets.xcassets; sourceTree = "<group>"; };
		4488DA482134091A00AC682E /* Base */ = {isa = PBXFileReference; lastKnownFileType = file.storyboard; name = Base; path = Base.lproj/LaunchScreen.storyboard; sourceTree = "<group>"; };
		4488DA4A2134091A00AC682E /* Info.plist */ = {isa = PBXFileReference; lastKnownFileType = text.plist.xml; path = Info.plist; sourceTree = "<group>"; };
		7E9913CFF4989D163AA67EF9 /* Pods-AlpsTodo.release.xcconfig */ = {isa = PBXFileReference; includeInIndex = 1; lastKnownFileType = text.xcconfig; name = "Pods-AlpsTodo.release.xcconfig"; path = "Pods/Target Support Files/Pods-AlpsTodo/Pods-AlpsTodo.release.xcconfig"; sourceTree = "<group>"; };
		E5479DA33A2885B280A2B047 /* Pods-AlpsTodo.debug.xcconfig */ = {isa = PBXFileReference; includeInIndex = 1; lastKnownFileType = text.xcconfig; name = "Pods-AlpsTodo.debug.xcconfig"; path = "Pods/Target Support Files/Pods-AlpsTodo/Pods-AlpsTodo.debug.xcconfig"; sourceTree = "<group>"; };
/* End PBXFileReference section */

/* Begin PBXFrameworksBuildPhase section */
		4488DA382134091800AC682E /* Frameworks */ = {
			isa = PBXFrameworksBuildPhase;
			buildActionMask = 2147483647;
			files = (
				797137DF2C21CB77CCC650BB /* Pods_AlpsTodo.framework in Frameworks */,
			);
			runOnlyForDeploymentPostprocessing = 0;
		};
/* End PBXFrameworksBuildPhase section */

/* Begin PBXGroup section */
		4488DA322134091800AC682E = {
			isa = PBXGroup;
			children = (
				4488DA3D2134091800AC682E /* AlpsTodo */,
				4488DA3C2134091800AC682E /* Products */,
				9F52A0E0813144F853AB9891 /* Pods */,
				C2DC217E14F98B342382802A /* Frameworks */,
			);
			sourceTree = "<group>";
		};
		4488DA3C2134091800AC682E /* Products */ = {
			isa = PBXGroup;
			children = (
				4488DA3B2134091800AC682E /* AlpsTodo.app */,
			);
			name = Products;
			sourceTree = "<group>";
		};
		4488DA3D2134091800AC682E /* AlpsTodo */ = {
			isa = PBXGroup;
			children = (
				4488DA3E2134091800AC682E /* AppDelegate.swift */,
				4488DA5221348A3100AC682E /* Data Model */,
				4488DA5321348A4900AC682E /* Controllers */,
				4488DA5421348A5A00AC682E /* Views */,
				4488DA5521348A6E00AC682E /* Supporting Files */,
				4488DA4A2134091A00AC682E /* Info.plist */,
			);
			path = AlpsTodo;
			sourceTree = "<group>";
		};
		4488DA5221348A3100AC682E /* Data Model */ = {
			isa = PBXGroup;
			children = (
				4440A4DF21455C2B00218854 /* Item.swift */,
				4440A4E121455C3C00218854 /* Category.swift */,
			);
			path = "Data Model";
			sourceTree = "<group>";
		};
		4488DA5321348A4900AC682E /* Controllers */ = {
			isa = PBXGroup;
			children = (
				4488DA402134091800AC682E /* ToDoListViewController.swift */,
				4440A4DB21452E3500218854 /* CategoryTableViewController.swift */,
			);
			path = Controllers;
			sourceTree = "<group>";
		};
		4488DA5421348A5A00AC682E /* Views */ = {
			isa = PBXGroup;
			children = (
				4488DA422134091800AC682E /* Main.storyboard */,
			);
			path = Views;
			sourceTree = "<group>";
		};
		4488DA5521348A6E00AC682E /* Supporting Files */ = {
			isa = PBXGroup;
			children = (
				4488DA452134091A00AC682E /* Assets.xcassets */,
				4488DA472134091A00AC682E /* LaunchScreen.storyboard */,
			);
			path = "Supporting Files";
			sourceTree = "<group>";
		};
		9F52A0E0813144F853AB9891 /* Pods */ = {
			isa = PBXGroup;
			children = (
				E5479DA33A2885B280A2B047 /* Pods-AlpsTodo.debug.xcconfig */,
				7E9913CFF4989D163AA67EF9 /* Pods-AlpsTodo.release.xcconfig */,
			);
			name = Pods;
			sourceTree = "<group>";
		};
		C2DC217E14F98B342382802A /* Frameworks */ = {
			isa = PBXGroup;
			children = (
				3F2BED6A52CEB1726C95EB75 /* Pods_AlpsTodo.framework */,
			);
			name = Frameworks;
			sourceTree = "<group>";
		};
/* End PBXGroup section */

/* Begin PBXNativeTarget section */
		4488DA3A2134091800AC682E /* AlpsTodo */ = {
			isa = PBXNativeTarget;
			buildConfigurationList = 4488DA4D2134091A00AC682E /* Build configuration list for PBXNativeTarget "AlpsTodo" */;
			buildPhases = (
				FED5964154707BB9A59D5AAC /* [CP] Check Pods Manifest.lock */,
				4488DA372134091800AC682E /* Sources */,
				4488DA382134091800AC682E /* Frameworks */,
				4488DA392134091800AC682E /* Resources */,
				7AD15F18D5BFEB1F7EEFD981 /* [CP] Embed Pods Frameworks */,
			);
			buildRules = (
			);
			dependencies = (
			);
			name = AlpsTodo;
			productName = AlpsTodo;
			productReference = 4488DA3B2134091800AC682E /* AlpsTodo.app */;
			productType = "com.apple.product-type.application";
		};
/* End PBXNativeTarget section */

/* Begin PBXProject section */
		4488DA332134091800AC682E /* Project object */ = {
			isa = PBXProject;
			attributes = {
				LastSwiftUpdateCheck = 0940;
				LastUpgradeCheck = 0940;
				ORGANIZATIONNAME = "ALPER UYANIK";
				TargetAttributes = {
					4488DA3A2134091800AC682E = {
						CreatedOnToolsVersion = 9.4.1;
					};
				};
			};
			buildConfigurationList = 4488DA362134091800AC682E /* Build configuration list for PBXProject "AlpsTodo" */;
			compatibilityVersion = "Xcode 9.3";
			developmentRegion = en;
			hasScannedForEncodings = 0;
			knownRegions = (
				en,
				Base,
			);
			mainGroup = 4488DA322134091800AC682E;
			productRefGroup = 4488DA3C2134091800AC682E /* Products */;
			projectDirPath = "";
			projectRoot = "";
			targets = (
				4488DA3A2134091800AC682E /* AlpsTodo */,
			);
		};
/* End PBXProject section */

/* Begin PBXResourcesBuildPhase section */
		4488DA392134091800AC682E /* Resources */ = {
			isa = PBXResourcesBuildPhase;
			buildActionMask = 2147483647;
			files = (
				4488DA492134091A00AC682E /* LaunchScreen.storyboard in Resources */,
				4488DA462134091A00AC682E /* Assets.xcassets in Resources */,
				4488DA442134091800AC682E /* Main.storyboard in Resources */,
			);
			runOnlyForDeploymentPostprocessing = 0;
		};
/* End PBXResourcesBuildPhase section */

/* Begin PBXShellScriptBuildPhase section */
		7AD15F18D5BFEB1F7EEFD981 /* [CP] Embed Pods Frameworks */ = {
			isa = PBXShellScriptBuildPhase;
			buildActionMask = 2147483647;
			files = (
			);
			inputPaths = (
				"${SRCROOT}/Pods/Target Support Files/Pods-AlpsTodo/Pods-AlpsTodo-frameworks.sh",
				"${BUILT_PRODUCTS_DIR}/Realm/Realm.framework",
				"${BUILT_PRODUCTS_DIR}/RealmSwift/RealmSwift.framework",
			);
			name = "[CP] Embed Pods Frameworks";
			outputPaths = (
				"${TARGET_BUILD_DIR}/${FRAMEWORKS_FOLDER_PATH}/Realm.framework",
				"${TARGET_BUILD_DIR}/${FRAMEWORKS_FOLDER_PATH}/RealmSwift.framework",
			);
			runOnlyForDeploymentPostprocessing = 0;
			shellPath = /bin/sh;
			shellScript = "\"${SRCROOT}/Pods/Target Support Files/Pods-AlpsTodo/Pods-AlpsTodo-frameworks.sh\"\n";
			showEnvVarsInLog = 0;
		};
		FED5964154707BB9A59D5AAC /* [CP] Check Pods Manifest.lock */ = {
			isa = PBXShellScriptBuildPhase;
			buildActionMask = 2147483647;
			files = (
			);
			inputPaths = (
				"${PODS_PODFILE_DIR_PATH}/Podfile.lock",
				"${PODS_ROOT}/Manifest.lock",
			);
			name = "[CP] Check Pods Manifest.lock";
			outputPaths = (
				"$(DERIVED_FILE_DIR)/Pods-AlpsTodo-checkManifestLockResult.txt",
			);
			runOnlyForDeploymentPostprocessing = 0;
			shellPath = /bin/sh;
			shellScript = "diff \"${PODS_PODFILE_DIR_PATH}/Podfile.lock\" \"${PODS_ROOT}/Manifest.lock\" > /dev/null\nif [ $? != 0 ] ; then\n    # print error to STDERR\n    echo \"error: The sandbox is not in sync with the Podfile.lock. Run 'pod install' or update your CocoaPods installation.\" >&2\n    exit 1\nfi\n# This output is used by Xcode 'outputs' to avoid re-running this script phase.\necho \"SUCCESS\" > \"${SCRIPT_OUTPUT_FILE_0}\"\n";
			showEnvVarsInLog = 0;
		};
/* End PBXShellScriptBuildPhase section */

/* Begin PBXSourcesBuildPhase section */
		4488DA372134091800AC682E /* Sources */ = {
			isa = PBXSourcesBuildPhase;
			buildActionMask = 2147483647;
			files = (
				4440A4E021455C2B00218854 /* Item.swift in Sources */,
				4488DA412134091800AC682E /* ToDoListViewController.swift in Sources */,
				4488DA3F2134091800AC682E /* AppDelegate.swift in Sources */,
				4440A4DC21452E3500218854 /* CategoryTableViewController.swift in Sources */,
				4440A4E221455C3C00218854 /* Category.swift in Sources */,
			);
			runOnlyForDeploymentPostprocessing = 0;
		};
/* End PBXSourcesBuildPhase section */

/* Begin PBXVariantGroup section */
		4488DA422134091800AC682E /* Main.storyboard */ = {
			isa = PBXVariantGroup;
			children = (
				4488DA432134091800AC682E /* Base */,
			);
			name = Main.storyboard;
			sourceTree = "<group>";
		};
		4488DA472134091A00AC682E /* LaunchScreen.storyboard */ = {
			isa = PBXVariantGroup;
			children = (
				4488DA482134091A00AC682E /* Base */,
			);
			name = LaunchScreen.storyboard;
			sourceTree = "<group>";
		};
/* End PBXVariantGroup section */

/* Begin XCBuildConfiguration section */
		4488DA4B2134091A00AC682E /* Debug */ = {
			isa = XCBuildConfiguration;
			buildSettings = {
				ALWAYS_SEARCH_USER_PATHS = NO;
				CLANG_ANALYZER_NONNULL = YES;
				CLANG_ANALYZER_NUMBER_OBJECT_CONVERSION = YES_AGGRESSIVE;
				CLANG_CXX_LANGUAGE_STANDARD = "gnu++14";
				CLANG_CXX_LIBRARY = "libc++";
				CLANG_ENABLE_MODULES = YES;
				CLANG_ENABLE_OBJC_ARC = YES;
				CLANG_ENABLE_OBJC_WEAK = YES;
				CLANG_WARN_BLOCK_CAPTURE_AUTORELEASING = YES;
				CLANG_WARN_BOOL_CONVERSION = YES;
				CLANG_WARN_COMMA = YES;
				CLANG_WARN_CONSTANT_CONVERSION = YES;
				CLANG_WARN_DEPRECATED_OBJC_IMPLEMENTATIONS = YES;
				CLANG_WARN_DIRECT_OBJC_ISA_USAGE = YES_ERROR;
				CLANG_WARN_DOCUMENTATION_COMMENTS = YES;
				CLANG_WARN_EMPTY_BODY = YES;
				CLANG_WARN_ENUM_CONVERSION = YES;
				CLANG_WARN_INFINITE_RECURSION = YES;
				CLANG_WARN_INT_CONVERSION = YES;
				CLANG_WARN_NON_LITERAL_NULL_CONVERSION = YES;
				CLANG_WARN_OBJC_IMPLICIT_RETAIN_SELF = YES;
				CLANG_WARN_OBJC_LITERAL_CONVERSION = YES;
				CLANG_WARN_OBJC_ROOT_CLASS = YES_ERROR;
				CLANG_WARN_RANGE_LOOP_ANALYSIS = YES;
				CLANG_WARN_STRICT_PROTOTYPES = YES;
				CLANG_WARN_SUSPICIOUS_MOVE = YES;
				CLANG_WARN_UNGUARDED_AVAILABILITY = YES_AGGRESSIVE;
				CLANG_WARN_UNREACHABLE_CODE = YES;
				CLANG_WARN__DUPLICATE_METHOD_MATCH = YES;
				CODE_SIGN_IDENTITY = "iPhone Developer";
				COPY_PHASE_STRIP = NO;
				DEBUG_INFORMATION_FORMAT = dwarf;
				ENABLE_STRICT_OBJC_MSGSEND = YES;
				ENABLE_TESTABILITY = YES;
				GCC_C_LANGUAGE_STANDARD = gnu11;
				GCC_DYNAMIC_NO_PIC = NO;
				GCC_NO_COMMON_BLOCKS = YES;
				GCC_OPTIMIZATION_LEVEL = 0;
				GCC_PREPROCESSOR_DEFINITIONS = (
					"DEBUG=1",
					"$(inherited)",
				);
				GCC_WARN_64_TO_32_BIT_CONVERSION = YES;
				GCC_WARN_ABOUT_RETURN_TYPE = YES_ERROR;
				GCC_WARN_UNDECLARED_SELECTOR = YES;
				GCC_WARN_UNINITIALIZED_AUTOS = YES_AGGRESSIVE;
				GCC_WARN_UNUSED_FUNCTION = YES;
				GCC_WARN_UNUSED_VARIABLE = YES;
				IPHONEOS_DEPLOYMENT_TARGET = 11.4;
				MTL_ENABLE_DEBUG_INFO = YES;
				ONLY_ACTIVE_ARCH = YES;
				SDKROOT = iphoneos;
				SWIFT_ACTIVE_COMPILATION_CONDITIONS = DEBUG;
				SWIFT_OPTIMIZATION_LEVEL = "-Onone";
			};
			name = Debug;
		};
		4488DA4C2134091A00AC682E /* Release */ = {
			isa = XCBuildConfiguration;
			buildSettings = {
				ALWAYS_SEARCH_USER_PATHS = NO;
				CLANG_ANALYZER_NONNULL = YES;
				CLANG_ANALYZER_NUMBER_OBJECT_CONVERSION = YES_AGGRESSIVE;
				CLANG_CXX_LANGUAGE_STANDARD = "gnu++14";
				CLANG_CXX_LIBRARY = "libc++";
				CLANG_ENABLE_MODULES = YES;
				CLANG_ENABLE_OBJC_ARC = YES;
				CLANG_ENABLE_OBJC_WEAK = YES;
				CLANG_WARN_BLOCK_CAPTURE_AUTORELEASING = YES;
				CLANG_WARN_BOOL_CONVERSION = YES;
				CLANG_WARN_COMMA = YES;
				CLANG_WARN_CONSTANT_CONVERSION = YES;
				CLANG_WARN_DEPRECATED_OBJC_IMPLEMENTATIONS = YES;
				CLANG_WARN_DIRECT_OBJC_ISA_USAGE = YES_ERROR;
				CLANG_WARN_DOCUMENTATION_COMMENTS = YES;
				CLANG_WARN_EMPTY_BODY = YES;
				CLANG_WARN_ENUM_CONVERSION = YES;
				CLANG_WARN_INFINITE_RECURSION = YES;
				CLANG_WARN_INT_CONVERSION = YES;
				CLANG_WARN_NON_LITERAL_NULL_CONVERSION = YES;
				CLANG_WARN_OBJC_IMPLICIT_RETAIN_SELF = YES;
				CLANG_WARN_OBJC_LITERAL_CONVERSION = YES;
				CLANG_WARN_OBJC_ROOT_CLASS = YES_ERROR;
				CLANG_WARN_RANGE_LOOP_ANALYSIS = YES;
				CLANG_WARN_STRICT_PROTOTYPES = YES;
				CLANG_WARN_SUSPICIOUS_MOVE = YES;
				CLANG_WARN_UNGUARDED_AVAILABILITY = YES_AGGRESSIVE;
				CLANG_WARN_UNREACHABLE_CODE = YES;
				CLANG_WARN__DUPLICATE_METHOD_MATCH = YES;
				CODE_SIGN_IDENTITY = "iPhone Developer";
				COPY_PHASE_STRIP = NO;
				DEBUG_INFORMATION_FORMAT = "dwarf-with-dsym";
				ENABLE_NS_ASSERTIONS = NO;
				ENABLE_STRICT_OBJC_MSGSEND = YES;
				GCC_C_LANGUAGE_STANDARD = gnu11;
				GCC_NO_COMMON_BLOCKS = YES;
				GCC_WARN_64_TO_32_BIT_CONVERSION = YES;
				GCC_WARN_ABOUT_RETURN_TYPE = YES_ERROR;
				GCC_WARN_UNDECLARED_SELECTOR = YES;
				GCC_WARN_UNINITIALIZED_AUTOS = YES_AGGRESSIVE;
				GCC_WARN_UNUSED_FUNCTION = YES;
				GCC_WARN_UNUSED_VARIABLE = YES;
				IPHONEOS_DEPLOYMENT_TARGET = 11.4;
				MTL_ENABLE_DEBUG_INFO = NO;
				SDKROOT = iphoneos;
				SWIFT_COMPILATION_MODE = wholemodule;
				SWIFT_OPTIMIZATION_LEVEL = "-O";
				VALIDATE_PRODUCT = YES;
			};
			name = Release;
		};
		4488DA4E2134091A00AC682E /* Debug */ = {
			isa = XCBuildConfiguration;
			baseConfigurationReference = E5479DA33A2885B280A2B047 /* Pods-AlpsTodo.debug.xcconfig */;
			buildSettings = {
				ASSETCATALOG_COMPILER_APPICON_NAME = AppIcon;
				CODE_SIGN_STYLE = Automatic;
				DEVELOPMENT_TEAM = K3QZ624CFY;
				INFOPLIST_FILE = AlpsTodo/Info.plist;
				LD_RUNPATH_SEARCH_PATHS = (
					"$(inherited)",
					"@executable_path/Frameworks",
				);
				PRODUCT_BUNDLE_IDENTIFIER = com.alp.uyanik.AlpsTodo;
				PRODUCT_NAME = "$(TARGET_NAME)";
				SWIFT_VERSION = 4.0;
				TARGETED_DEVICE_FAMILY = "1,2";
			};
			name = Debug;
		};
		4488DA4F2134091A00AC682E /* Release */ = {
			isa = XCBuildConfiguration;
			baseConfigurationReference = 7E9913CFF4989D163AA67EF9 /* Pods-AlpsTodo.release.xcconfig */;
			buildSettings = {
				ASSETCATALOG_COMPILER_APPICON_NAME = AppIcon;
				CODE_SIGN_STYLE = Automatic;
				DEVELOPMENT_TEAM = K3QZ624CFY;
				INFOPLIST_FILE = AlpsTodo/Info.plist;
				LD_RUNPATH_SEARCH_PATHS = (
					"$(inherited)",
					"@executable_path/Frameworks",
				);
				PRODUCT_BUNDLE_IDENTIFIER = com.alp.uyanik.AlpsTodo;
				PRODUCT_NAME = "$(TARGET_NAME)";
				SWIFT_VERSION = 4.0;
				TARGETED_DEVICE_FAMILY = "1,2";
			};
			name = Release;
		};
/* End XCBuildConfiguration section */

/* Begin XCConfigurationList section */
		4488DA362134091800AC682E /* Build configuration list for PBXProject "AlpsTodo" */ = {
			isa = XCConfigurationList;
			buildConfigurations = (
				4488DA4B2134091A00AC682E /* Debug */,
				4488DA4C2134091A00AC682E /* Release */,
			);
			defaultConfigurationIsVisible = 0;
			defaultConfigurationName = Release;
		};
		4488DA4D2134091A00AC682E /* Build configuration list for PBXNativeTarget "AlpsTodo" */ = {
			isa = XCConfigurationList;
			buildConfigurations = (
				4488DA4E2134091A00AC682E /* Debug */,
				4488DA4F2134091A00AC682E /* Release */,
			);
			defaultConfigurationIsVisible = 0;
			defaultConfigurationName = Release;
		};
/* End XCConfigurationList section */
	};
	rootObject = 4488DA332134091800AC682E /* Project object */;
}
